
Microsoft Visual Studio Solution File, Format Version 12.00
# Visual Studio Version 17
VisualStudioVersion = 17.14.37027.9
MinimumVisualStudioVersion = 10.0.40219.1
Project("{2150E333-8FDC-42A3-9474-1A3956D46DE8}") = "Account", "Account", "{02EA681E-C7D8-13C7-8484-4AC65E1B71E8}"
EndProject
Project("{FAE04EC0-301F-11D3-BF4B-00C04F79EFBC}") = "Account.API", "Account\WebAPI\Account.API.csproj", "{BFD3E950-6039-A2CF-530F-8C45EA715861}"
EndProject
Project("{FAE04EC0-301F-11D3-BF4B-00C04F79EFBC}") = "Account.Domain", "Account\Domain\Account.Domain.csproj", "{BB7A107C-41E1-471C-8230-9323BB8361A7}"
EndProject
Project("{FAE04EC0-301F-11D3-BF4B-00C04F79EFBC}") = "Account.Application", "Account\Application\Account.Application.csproj", "{5EF1CD8F-4801-44F3-AE7D-F19A07B787AB}"
EndProject
Project("{FAE04EC0-301F-11D3-BF4B-00C04F79EFBC}") = "Account.Infrastructure", "Account\Infrastructure\Account.Infrastructure.csproj", "{9EF11885-EE3D-421E-B5B8-747B13EF9C96}"
EndProject
Project("{2150E333-8FDC-42A3-9474-1A3956D46DE8}") = "Partner", "Partner", "{045FB3A6-1E96-4EC1-97DF-541FB416E833}"
EndProject
Project("{2150E333-8FDC-42A3-9474-1A3956D46DE8}") = "OperationsManagement", "OperationsManagement", "{6AE32ACE-D076-4C17-BC0B-E7658F257AEE}"
EndProject
Project("{2150E333-8FDC-42A3-9474-1A3956D46DE8}") = "Customer", "Customer", "{E9AD9385-972D-497B-A2A3-28D812DC6824}"
EndProject
Project("{2150E333-8FDC-42A3-9474-1A3956D46DE8}") = "Service", "Service", "{A4C6914A-D2DA-4BDF-BFAB-DCB89CA151A3}"
EndProject
Project("{FAE04EC0-301F-11D3-BF4B-00C04F79EFBC}") = "Service.API", "OperationsManagement\Service\WebAPI\Service.API\Service.API.csproj", "{39EC6541-5796-4CEF-80A2-FD768BA4ACC3}"
EndProject
Project("{FAE04EC0-301F-11D3-BF4B-00C04F79EFBC}") = "Service.Application", "OperationsManagement\Service\Application\Service.Application\Service.Application.csproj", "{95140DBB-ABE8-4B56-ABB1-35F3A259F8DA}"
EndProject
Project("{FAE04EC0-301F-11D3-BF4B-00C04F79EFBC}") = "Service.Domain", "OperationsManagement\Service\Domain\Service.Domain\Service.Domain.csproj", "{35F3629D-B20C-4801-8158-BE90AC3A5981}"
EndProject
Project("{FAE04EC0-301F-11D3-BF4B-00C04F79EFBC}") = "Service.Infrastructure", "OperationsManagement\Service\Infrastructure\Service.Infrastructure\Service.Infrastructure.csproj", "{A4BB6476-B174-473E-9B92-A4378FCBE4EF}"
EndProject
Project("{FAE04EC0-301F-11D3-BF4B-00C04F79EFBC}") = "Provider.API", "Partner\WebAPI\Provider.aPI\Provider.API.csproj", "{6C6A3A82-6A83-41BC-9125-3E6B4ADFF2BC}"
EndProject
Project("{FAE04EC0-301F-11D3-BF4B-00C04F79EFBC}") = "Provider.Application", "Partner\Application\Provider.Application\Provider.Application.csproj", "{D6E5596D-8F24-4CB0-9C8E-7159AFF89D50}"
EndProject
Project("{FAE04EC0-301F-11D3-BF4B-00C04F79EFBC}") = "Provider.Domain", "Partner\Domain\Provider.Domain\Provider.Domain.csproj", "{AE21E48E-2C6B-46B7-AD70-D88BC0002234}"
EndProject
Project("{FAE04EC0-301F-11D3-BF4B-00C04F79EFBC}") = "Provider.Infrastructure", "Partner\Infrastructure\Provider.Infrastructure\Provider.Infrastructure.csproj", "{8FC38D58-16B1-4193-A572-58374339D41C}"
EndProject
Global
	GlobalSection(SolutionConfigurationPlatforms) = preSolution
		Debug|Any CPU = Debug|Any CPU
		Release|Any CPU = Release|Any CPU
	EndGlobalSection
	GlobalSection(ProjectConfigurationPlatforms) = postSolution
		{BFD3E950-6039-A2CF-530F-8C45EA715861}.Debug|Any CPU.ActiveCfg = Debug|Any CPU
		{BFD3E950-6039-A2CF-530F-8C45EA715861}.Debug|Any CPU.Build.0 = Debug|Any CPU
		{BFD3E950-6039-A2CF-530F-8C45EA715861}.Release|Any CPU.ActiveCfg = Release|Any CPU
		{BFD3E950-6039-A2CF-530F-8C45EA715861}.Release|Any CPU.Build.0 = Release|Any CPU
		{BB7A107C-41E1-471C-8230-9323BB8361A7}.Debug|Any CPU.ActiveCfg = Debug|Any CPU
		{BB7A107C-41E1-471C-8230-9323BB8361A7}.Debug|Any CPU.Build.0 = Debug|Any CPU
		{BB7A107C-41E1-471C-8230-9323BB8361A7}.Release|Any CPU.ActiveCfg = Release|Any CPU
		{BB7A107C-41E1-471C-8230-9323BB8361A7}.Release|Any CPU.Build.0 = Release|Any CPU
		{5EF1CD8F-4801-44F3-AE7D-F19A07B787AB}.Debug|Any CPU.ActiveCfg = Debug|Any CPU
		{5EF1CD8F-4801-44F3-AE7D-F19A07B787AB}.Debug|Any CPU.Build.0 = Debug|Any CPU
		{5EF1CD8F-4801-44F3-AE7D-F19A07B787AB}.Release|Any CPU.ActiveCfg = Release|Any CPU
		{5EF1CD8F-4801-44F3-AE7D-F19A07B787AB}.Release|Any CPU.Build.0 = Release|Any CPU
		{9EF11885-EE3D-421E-B5B8-747B13EF9C96}.Debug|Any CPU.ActiveCfg = Debug|Any CPU
		{9EF11885-EE3D-421E-B5B8-747B13EF9C96}.Debug|Any CPU.Build.0 = Debug|Any CPU
		{9EF11885-EE3D-421E-B5B8-747B13EF9C96}.Release|Any CPU.ActiveCfg = Release|Any CPU
		{9EF11885-EE3D-421E-B5B8-747B13EF9C96}.Release|Any CPU.Build.0 = Release|Any CPU
		{39EC6541-5796-4CEF-80A2-FD768BA4ACC3}.Debug|Any CPU.ActiveCfg = Debug|Any CPU
		{39EC6541-5796-4CEF-80A2-FD768BA4ACC3}.Debug|Any CPU.Build.0 = Debug|Any CPU
		{39EC6541-5796-4CEF-80A2-FD768BA4ACC3}.Release|Any CPU.ActiveCfg = Release|Any CPU
		{39EC6541-5796-4CEF-80A2-FD768BA4ACC3}.Release|Any CPU.Build.0 = Release|Any CPU
		{95140DBB-ABE8-4B56-ABB1-35F3A259F8DA}.Debug|Any CPU.ActiveCfg = Debug|Any CPU
		{95140DBB-ABE8-4B56-ABB1-35F3A259F8DA}.Debug|Any CPU.Build.0 = Debug|Any CPU
		{95140DBB-ABE8-4B56-ABB1-35F3A259F8DA}.Release|Any CPU.ActiveCfg = Release|Any CPU
		{95140DBB-ABE8-4B56-ABB1-35F3A259F8DA}.Release|Any CPU.Build.0 = Release|Any CPU
		{35F3629D-B20C-4801-8158-BE90AC3A5981}.Debug|Any CPU.ActiveCfg = Debug|Any CPU
		{35F3629D-B20C-4801-8158-BE90AC3A5981}.Debug|Any CPU.Build.0 = Debug|Any CPU
		{35F3629D-B20C-4801-8158-BE90AC3A5981}.Release|Any CPU.ActiveCfg = Release|Any CPU
		{35F3629D-B20C-4801-8158-BE90AC3A5981}.Release|Any CPU.Build.0 = Release|Any CPU
		{A4BB6476-B174-473E-9B92-A4378FCBE4EF}.Debug|Any CPU.ActiveCfg = Debug|Any CPU
		{A4BB6476-B174-473E-9B92-A4378FCBE4EF}.Debug|Any CPU.Build.0 = Debug|Any CPU
		{A4BB6476-B174-473E-9B92-A4378FCBE4EF}.Release|Any CPU.ActiveCfg = Release|Any CPU
		{A4BB6476-B174-473E-9B92-A4378FCBE4EF}.Release|Any CPU.Build.0 = Release|Any CPU
		{6C6A3A82-6A83-41BC-9125-3E6B4ADFF2BC}.Debug|Any CPU.ActiveCfg = Debug|Any CPU
		{6C6A3A82-6A83-41BC-9125-3E6B4ADFF2BC}.Debug|Any CPU.Build.0 = Debug|Any CPU
		{6C6A3A82-6A83-41BC-9125-3E6B4ADFF2BC}.Release|Any CPU.ActiveCfg = Release|Any CPU
		{6C6A3A82-6A83-41BC-9125-3E6B4ADFF2BC}.Release|Any CPU.Build.0 = Release|Any CPU
		{D6E5596D-8F24-4CB0-9C8E-7159AFF89D50}.Debug|Any CPU.ActiveCfg = Debug|Any CPU
		{D6E5596D-8F24-4CB0-9C8E-7159AFF89D50}.Debug|Any CPU.Build.0 = Debug|Any CPU
		{D6E5596D-8F24-4CB0-9C8E-7159AFF89D50}.Release|Any CPU.ActiveCfg = Release|Any CPU
		{D6E5596D-8F24-4CB0-9C8E-7159AFF89D50}.Release|Any CPU.Build.0 = Release|Any CPU
		{AE21E48E-2C6B-46B7-AD70-D88BC0002234}.Debug|Any CPU.ActiveCfg = Debug|Any CPU
		{AE21E48E-2C6B-46B7-AD70-D88BC0002234}.Debug|Any CPU.Build.0 = Debug|Any CPU
		{AE21E48E-2C6B-46B7-AD70-D88BC0002234}.Release|Any CPU.ActiveCfg = Release|Any CPU
		{AE21E48E-2C6B-46B7-AD70-D88BC0002234}.Release|Any CPU.Build.0 = Release|Any CPU
		{8FC38D58-16B1-4193-A572-58374339D41C}.Debug|Any CPU.ActiveCfg = Debug|Any CPU
		{8FC38D58-16B1-4193-A572-58374339D41C}.Debug|Any CPU.Build.0 = Debug|Any CPU
		{8FC38D58-16B1-4193-A572-58374339D41C}.Release|Any CPU.ActiveCfg = Release|Any CPU
		{8FC38D58-16B1-4193-A572-58374339D41C}.Release|Any CPU.Build.0 = Release|Any CPU
	EndGlobalSection
	GlobalSection(SolutionProperties) = preSolution
		HideSolutionNode = FALSE
	EndGlobalSection
	GlobalSection(NestedProjects) = preSolution
		{BFD3E950-6039-A2CF-530F-8C45EA715861} = {02EA681E-C7D8-13C7-8484-4AC65E1B71E8}
		{BB7A107C-41E1-471C-8230-9323BB8361A7} = {02EA681E-C7D8-13C7-8484-4AC65E1B71E8}
		{5EF1CD8F-4801-44F3-AE7D-F19A07B787AB} = {02EA681E-C7D8-13C7-8484-4AC65E1B71E8}
		{9EF11885-EE3D-421E-B5B8-747B13EF9C96} = {02EA681E-C7D8-13C7-8484-4AC65E1B71E8}
		{A4C6914A-D2DA-4BDF-BFAB-DCB89CA151A3} = {6AE32ACE-D076-4C17-BC0B-E7658F257AEE}
		{39EC6541-5796-4CEF-80A2-FD768BA4ACC3} = {A4C6914A-D2DA-4BDF-BFAB-DCB89CA151A3}
		{95140DBB-ABE8-4B56-ABB1-35F3A259F8DA} = {A4C6914A-D2DA-4BDF-BFAB-DCB89CA151A3}
		{35F3629D-B20C-4801-8158-BE90AC3A5981} = {A4C6914A-D2DA-4BDF-BFAB-DCB89CA151A3}
		{A4BB6476-B174-473E-9B92-A4378FCBE4EF} = {A4C6914A-D2DA-4BDF-BFAB-DCB89CA151A3}
		{6C6A3A82-6A83-41BC-9125-3E6B4ADFF2BC} = {045FB3A6-1E96-4EC1-97DF-541FB416E833}
		{D6E5596D-8F24-4CB0-9C8E-7159AFF89D50} = {045FB3A6-1E96-4EC1-97DF-541FB416E833}
		{AE21E48E-2C6B-46B7-AD70-D88BC0002234} = {045FB3A6-1E96-4EC1-97DF-541FB416E833}
		{8FC38D58-16B1-4193-A572-58374339D41C} = {045FB3A6-1E96-4EC1-97DF-541FB416E833}
	EndGlobalSection
	GlobalSection(ExtensibilityGlobals) = postSolution
		SolutionGuid = {E72ABBB1-E11B-4F1B-9AC4-846C43940BFA}
	EndGlobalSection
EndGlobal
